
Microsoft Visual Studio Solution File, Format Version 12.00
# Visual Studio Version 16
VisualStudioVersion = 16.0.32802.440
MinimumVisualStudioVersion = 10.0.40219.1
Project("{FAE04EC0-301F-11D3-BF4B-00C04F79EFBC}") = "Immigration_Management_Systems", "Immigration_Management_Systems\Immigration_Management_Systems.csproj", "{4CFDB8CC-E27E-483C-8CA1-22B530207B8B}"
EndProject
Global
	GlobalSection(SolutionConfigurationPlatforms) = preSolution
		Debug|Any CPU = Debug|Any CPU
		Release|Any CPU = Release|Any CPU
	EndGlobalSection
	GlobalSection(ProjectConfigurationPlatforms) = postSolution
		{4CFDB8CC-E27E-483C-8CA1-22B530207B8B}.Debug|Any CPU.ActiveCfg = Debug|Any CPU
		{4CFDB8CC-E27E-483C-8CA1-22B530207B8B}.Debug|Any CPU.Build.0 = Debug|Any CPU
		{4CFDB8CC-E27E-483C-8CA1-22B530207B8B}.Release|Any CPU.ActiveCfg = Release|Any CPU
		{4CFDB8CC-E27E-483C-8CA1-22B530207B8B}.Release|Any CPU.Build.0 = Release|Any CPU
	EndGlobalSection
	GlobalSection(SolutionProperties) = preSolution
		HideSolutionNode = FALSE
	EndGlobalSection
	GlobalSection(ExtensibilityGlobals) = postSolution
		SolutionGuid = {86A0F208-D8F1-4AE9-A90F-95E333220D38}
	EndGlobalSection
EndGlobal
